<?xml version="1.0" encoding="utf-8"?>
<Project ToolsVersion="4.0" xmlns="http://schemas.microsoft.com/developer/msbuild/2003">
  <ItemGroup>
    <ClCompile Include="plugin.cpp" />
  </ItemGroup>
  <ItemGroup>
    <ClInclude Include="Base64.h">
      <Filter>Include</Filter>
    </ClInclude>
    <ClInclude Include="version.h">
      <Filter>Include</Filter>
    </ClInclude>
  </ItemGroup>
  <ItemGroup>
    <Filter Include="Resource">
      <UniqueIdentifier>{d316b378-92d0-4006-8d8c-a669d93fc8e3}</UniqueIdentifier>
    </Filter>
    <Filter Include="Include">
      <UniqueIdentifier>{8f6a862d-a11f-4d9a-9f00-3395d6f2008b}</UniqueIdentifier>
    </Filter>
  </ItemGroup>
  <ItemGroup>
    <ResourceCompile Include="plugin.rc">
      <Filter>Resource</Filter>
    </ResourceCompile>
  </ItemGroup>
  <ItemGroup>
    <None Include="plugin.def">
      <Filter>Resource</Filter>
    </None>
  </ItemGroup>
</Project>